// !$*UTF8*$!
{
	archiveVersion = 1;
	classes = {
	};
	objectVersion = 50;
	objects = {

/* Begin PBXBuildFile section */
		F12E1BD82146F67F00314D34 /* LoginViewController.swift in Sources */ = {isa = PBXBuildFile; fileRef = F12E1BD72146F67F00314D34 /* LoginViewController.swift */; };
		F12E1BDA21470A7100314D34 /* SignUpViewController.swift in Sources */ = {isa = PBXBuildFile; fileRef = F12E1BD921470A7100314D34 /* SignUpViewController.swift */; };
		F12E1BDC2147306200314D34 /* CloudTrackerManager.swift in Sources */ = {isa = PBXBuildFile; fileRef = F12E1BDB2147306200314D34 /* CloudTrackerManager.swift */; };
		F1F502232144795800F3CE3C /* AppDelegate.swift in Sources */ = {isa = PBXBuildFile; fileRef = F1F502222144795800F3CE3C /* AppDelegate.swift */; };
		F1F502252144795800F3CE3C /* MealViewController.swift in Sources */ = {isa = PBXBuildFile; fileRef = F1F502242144795800F3CE3C /* MealViewController.swift */; };
		F1F502282144795800F3CE3C /* Main.storyboard in Resources */ = {isa = PBXBuildFile; fileRef = F1F502262144795800F3CE3C /* Main.storyboard */; };
		F1F5022A2144795A00F3CE3C /* Assets.xcassets in Resources */ = {isa = PBXBuildFile; fileRef = F1F502292144795A00F3CE3C /* Assets.xcassets */; };
		F1F5022D2144795A00F3CE3C /* LaunchScreen.storyboard in Resources */ = {isa = PBXBuildFile; fileRef = F1F5022B2144795A00F3CE3C /* LaunchScreen.storyboard */; };
		F1F502382144795A00F3CE3C /* FoodTrackerTests.swift in Sources */ = {isa = PBXBuildFile; fileRef = F1F502372144795A00F3CE3C /* FoodTrackerTests.swift */; };
		F1F502432144E33700F3CE3C /* RatingControl.swift in Sources */ = {isa = PBXBuildFile; fileRef = F1F502422144E33700F3CE3C /* RatingControl.swift */; };
		F1F502452144FCB400F3CE3C /* Meal.swift in Sources */ = {isa = PBXBuildFile; fileRef = F1F502442144FCB400F3CE3C /* Meal.swift */; };
		F1F50247214507EA00F3CE3C /* MealTableViewCell.swift in Sources */ = {isa = PBXBuildFile; fileRef = F1F50246214507EA00F3CE3C /* MealTableViewCell.swift */; };
		F1F5024921450D1600F3CE3C /* MealTableViewController.swift in Sources */ = {isa = PBXBuildFile; fileRef = F1F5024821450D1600F3CE3C /* MealTableViewController.swift */; };
/* End PBXBuildFile section */

/* Begin PBXContainerItemProxy section */
		F1F502342144795A00F3CE3C /* PBXContainerItemProxy */ = {
			isa = PBXContainerItemProxy;
			containerPortal = F1F502172144795800F3CE3C /* Project object */;
			proxyType = 1;
			remoteGlobalIDString = F1F5021E2144795800F3CE3C;
			remoteInfo = FoodTracker;
		};
/* End PBXContainerItemProxy section */

/* Begin PBXFileReference section */
		F12E1BD72146F67F00314D34 /* LoginViewController.swift */ = {isa = PBXFileReference; lastKnownFileType = sourcecode.swift; path = LoginViewController.swift; sourceTree = "<group>"; };
		F12E1BD921470A7100314D34 /* SignUpViewController.swift */ = {isa = PBXFileReference; lastKnownFileType = sourcecode.swift; path = SignUpViewController.swift; sourceTree = "<group>"; };
		F12E1BDB2147306200314D34 /* CloudTrackerManager.swift */ = {isa = PBXFileReference; lastKnownFileType = sourcecode.swift; path = CloudTrackerManager.swift; sourceTree = "<group>"; };
		F1F5021F2144795800F3CE3C /* FoodTracker.app */ = {isa = PBXFileReference; explicitFileType = wrapper.application; includeInIndex = 0; path = FoodTracker.app; sourceTree = BUILT_PRODUCTS_DIR; };
		F1F502222144795800F3CE3C /* AppDelegate.swift */ = {isa = PBXFileReference; lastKnownFileType = sourcecode.swift; path = AppDelegate.swift; sourceTree = "<group>"; };
		F1F502242144795800F3CE3C /* MealViewController.swift */ = {isa = PBXFileReference; lastKnownFileType = sourcecode.swift; path = MealViewController.swift; sourceTree = "<group>"; };
		F1F502272144795800F3CE3C /* Base */ = {isa = PBXFileReference; lastKnownFileType = file.storyboard; name = Base; path = Base.lproj/Main.storyboard; sourceTree = "<group>"; };
		F1F502292144795A00F3CE3C /* Assets.xcassets */ = {isa = PBXFileReference; lastKnownFileType = folder.assetcatalog; path = Assets.xcassets; sourceTree = "<group>"; };
		F1F5022C2144795A00F3CE3C /* Base */ = {isa = PBXFileReference; lastKnownFileType = file.storyboard; name = Base; path = Base.lproj/LaunchScreen.storyboard; sourceTree = "<group>"; };
		F1F5022E2144795A00F3CE3C /* Info.plist */ = {isa = PBXFileReference; lastKnownFileType = text.plist.xml; path = Info.plist; sourceTree = "<group>"; };
		F1F502332144795A00F3CE3C /* FoodTrackerTests.xctest */ = {isa = PBXFileReference; explicitFileType = wrapper.cfbundle; includeInIndex = 0; path = FoodTrackerTests.xctest; sourceTree = BUILT_PRODUCTS_DIR; };
		F1F502372144795A00F3CE3C /* FoodTrackerTests.swift */ = {isa = PBXFileReference; lastKnownFileType = sourcecode.swift; path = FoodTrackerTests.swift; sourceTree = "<group>"; };
		F1F502392144795A00F3CE3C /* Info.plist */ = {isa = PBXFileReference; lastKnownFileType = text.plist.xml; path = Info.plist; sourceTree = "<group>"; };
		F1F502422144E33700F3CE3C /* RatingControl.swift */ = {isa = PBXFileReference; lastKnownFileType = sourcecode.swift; path = RatingControl.swift; sourceTree = "<group>"; };
		F1F502442144FCB400F3CE3C /* Meal.swift */ = {isa = PBXFileReference; lastKnownFileType = sourcecode.swift; path = Meal.swift; sourceTree = "<group>"; };
		F1F50246214507EA00F3CE3C /* MealTableViewCell.swift */ = {isa = PBXFileReference; lastKnownFileType = sourcecode.swift; path = MealTableViewCell.swift; sourceTree = "<group>"; };
		F1F5024821450D1600F3CE3C /* MealTableViewController.swift */ = {isa = PBXFileReference; lastKnownFileType = sourcecode.swift; path = MealTableViewController.swift; sourceTree = "<group>"; };
/* End PBXFileReference section */

/* Begin PBXFrameworksBuildPhase section */
		F1F5021C2144795800F3CE3C /* Frameworks */ = {
			isa = PBXFrameworksBuildPhase;
			buildActionMask = 2147483647;
			files = (
			);
			runOnlyForDeploymentPostprocessing = 0;
		};
		F1F502302144795A00F3CE3C /* Frameworks */ = {
			isa = PBXFrameworksBuildPhase;
			buildActionMask = 2147483647;
			files = (
			);
			runOnlyForDeploymentPostprocessing = 0;
		};
/* End PBXFrameworksBuildPhase section */

/* Begin PBXGroup section */
		F1F502162144795800F3CE3C = {
			isa = PBXGroup;
			children = (
				F1F502212144795800F3CE3C /* FoodTracker */,
				F1F502362144795A00F3CE3C /* FoodTrackerTests */,
				F1F502202144795800F3CE3C /* Products */,
			);
			sourceTree = "<group>";
		};
		F1F502202144795800F3CE3C /* Products */ = {
			isa = PBXGroup;
			children = (
				F1F5021F2144795800F3CE3C /* FoodTracker.app */,
				F1F502332144795A00F3CE3C /* FoodTrackerTests.xctest */,
			);
			name = Products;
			sourceTree = "<group>";
		};
		F1F502212144795800F3CE3C /* FoodTracker */ = {
			isa = PBXGroup;
			children = (
				F1F502222144795800F3CE3C /* AppDelegate.swift */,
				F1F502242144795800F3CE3C /* MealViewController.swift */,
				F1F502422144E33700F3CE3C /* RatingControl.swift */,
				F1F502442144FCB400F3CE3C /* Meal.swift */,
				F1F502262144795800F3CE3C /* Main.storyboard */,
				F12E1BD72146F67F00314D34 /* LoginViewController.swift */,
				F12E1BD921470A7100314D34 /* SignUpViewController.swift */,
				F12E1BDB2147306200314D34 /* CloudTrackerManager.swift */,
				F1F5024821450D1600F3CE3C /* MealTableViewController.swift */,
				F1F50246214507EA00F3CE3C /* MealTableViewCell.swift */,
				F1F502292144795A00F3CE3C /* Assets.xcassets */,
				F1F5022B2144795A00F3CE3C /* LaunchScreen.storyboard */,
				F1F5022E2144795A00F3CE3C /* Info.plist */,
			);
			path = FoodTracker;
			sourceTree = "<group>";
		};
		F1F502362144795A00F3CE3C /* FoodTrackerTests */ = {
			isa = PBXGroup;
			children = (
				F1F502372144795A00F3CE3C /* FoodTrackerTests.swift */,
				F1F502392144795A00F3CE3C /* Info.plist */,
			);
			path = FoodTrackerTests;
			sourceTree = "<group>";
		};
/* End PBXGroup section */

/* Begin PBXNativeTarget section */
		F1F5021E2144795800F3CE3C /* FoodTracker */ = {
			isa = PBXNativeTarget;
			buildConfigurationList = F1F5023C2144795A00F3CE3C /* Build configuration list for PBXNativeTarget "FoodTracker" */;
			buildPhases = (
				F1F5021B2144795800F3CE3C /* Sources */,
				F1F5021C2144795800F3CE3C /* Frameworks */,
				F1F5021D2144795800F3CE3C /* Resources */,
			);
			buildRules = (
			);
			dependencies = (
			);
			name = FoodTracker;
			productName = FoodTracker;
			productReference = F1F5021F2144795800F3CE3C /* FoodTracker.app */;
			productType = "com.apple.product-type.application";
		};
		F1F502322144795A00F3CE3C /* FoodTrackerTests */ = {
			isa = PBXNativeTarget;
			buildConfigurationList = F1F5023F2144795A00F3CE3C /* Build configuration list for PBXNativeTarget "FoodTrackerTests" */;
			buildPhases = (
				F1F5022F2144795A00F3CE3C /* Sources */,
				F1F502302144795A00F3CE3C /* Frameworks */,
				F1F502312144795A00F3CE3C /* Resources */,
			);
			buildRules = (
			);
			dependencies = (
				F1F502352144795A00F3CE3C /* PBXTargetDependency */,
			);
			name = FoodTrackerTests;
			productName = FoodTrackerTests;
			productReference = F1F502332144795A00F3CE3C /* FoodTrackerTests.xctest */;
			productType = "com.apple.product-type.bundle.unit-test";
		};
/* End PBXNativeTarget section */

/* Begin PBXProject section */
		F1F502172144795800F3CE3C /* Project object */ = {
			isa = PBXProject;
			attributes = {
				LastSwiftUpdateCheck = 0940;
				LastUpgradeCheck = 0940;
				ORGANIZATIONNAME = "Nathan Wainwright";
				TargetAttributes = {
					F1F5021E2144795800F3CE3C = {
						CreatedOnToolsVersion = 9.4.1;
					};
					F1F502322144795A00F3CE3C = {
						CreatedOnToolsVersion = 9.4.1;
						TestTargetID = F1F5021E2144795800F3CE3C;
					};
				};
			};
			buildConfigurationList = F1F5021A2144795800F3CE3C /* Build configuration list for PBXProject "FoodTracker" */;
			compatibilityVersion = "Xcode 9.3";
			developmentRegion = en;
			hasScannedForEncodings = 0;
			knownRegions = (
				en,
				Base,
			);
			mainGroup = F1F502162144795800F3CE3C;
			productRefGroup = F1F502202144795800F3CE3C /* Products */;
			projectDirPath = "";
			projectRoot = "";
			targets = (
				F1F5021E2144795800F3CE3C /* FoodTracker */,
				F1F502322144795A00F3CE3C /* FoodTrackerTests */,
			);
		};
/* End PBXProject section */

/* Begin PBXResourcesBuildPhase section */
		F1F5021D2144795800F3CE3C /* Resources */ = {
			isa = PBXResourcesBuildPhase;
			buildActionMask = 2147483647;
			files = (
				F1F5022D2144795A00F3CE3C /* LaunchScreen.storyboard in Resources */,
				F1F5022A2144795A00F3CE3C /* Assets.xcassets in Resources */,
				F1F502282144795800F3CE3C /* Main.storyboard in Resources */,
			);
			runOnlyForDeploymentPostprocessing = 0;
		};
		F1F502312144795A00F3CE3C /* Resources */ = {
			isa = PBXResourcesBuildPhase;
			buildActionMask = 2147483647;
			files = (
			);
			runOnlyForDeploymentPostprocessing = 0;
		};
/* End PBXResourcesBuildPhase section */

/* Begin PBXSourcesBuildPhase section */
		F1F5021B2144795800F3CE3C /* Sources */ = {
			isa = PBXSourcesBuildPhase;
			buildActionMask = 2147483647;
			files = (
				F1F502452144FCB400F3CE3C /* Meal.swift in Sources */,
				F1F502252144795800F3CE3C /* MealViewController.swift in Sources */,
				F12E1BDA21470A7100314D34 /* SignUpViewController.swift in Sources */,
				F12E1BDC2147306200314D34 /* CloudTrackerManager.swift in Sources */,
				F1F502432144E33700F3CE3C /* RatingControl.swift in Sources */,
				F12E1BD82146F67F00314D34 /* LoginViewController.swift in Sources */,
				F1F502232144795800F3CE3C /* AppDelegate.swift in Sources */,
				F1F5024921450D1600F3CE3C /* MealTableViewController.swift in Sources */,
				F1F50247214507EA00F3CE3C /* MealTableViewCell.swift in Sources */,
			);
			runOnlyForDeploymentPostprocessing = 0;
		};
		F1F5022F2144795A00F3CE3C /* Sources */ = {
			isa = PBXSourcesBuildPhase;
			buildActionMask = 2147483647;
			files = (
				F1F502382144795A00F3CE3C /* FoodTrackerTests.swift in Sources */,
			);
			runOnlyForDeploymentPostprocessing = 0;
		};
/* End PBXSourcesBuildPhase section */

/* Begin PBXTargetDependency section */
		F1F502352144795A00F3CE3C /* PBXTargetDependency */ = {
			isa = PBXTargetDependency;
			target = F1F5021E2144795800F3CE3C /* FoodTracker */;
			targetProxy = F1F502342144795A00F3CE3C /* PBXContainerItemProxy */;
		};
/* End PBXTargetDependency section */

/* Begin PBXVariantGroup section */
		F1F502262144795800F3CE3C /* Main.storyboard */ = {
			isa = PBXVariantGroup;
			children = (
				F1F502272144795800F3CE3C /* Base */,
			);
			name = Main.storyboard;
			sourceTree = "<group>";
		};
		F1F5022B2144795A00F3CE3C /* LaunchScreen.storyboard */ = {
			isa = PBXVariantGroup;
			children = (
				F1F5022C2144795A00F3CE3C /* Base */,
			);
			name = LaunchScreen.storyboard;
			sourceTree = "<group>";
		};
/* End PBXVariantGroup section */

/* Begin XCBuildConfiguration section */
		F1F5023A2144795A00F3CE3C /* Debug */ = {
			isa = XCBuildConfiguration;
			buildSettings = {
				ALWAYS_SEARCH_USER_PATHS = NO;
				CLANG_ANALYZER_NONNULL = YES;
				CLANG_ANALYZER_NUMBER_OBJECT_CONVERSION = YES_AGGRESSIVE;
				CLANG_CXX_LANGUAGE_STANDARD = "gnu++14";
				CLANG_CXX_LIBRARY = "libc++";
				CLANG_ENABLE_MODULES = YES;
				CLANG_ENABLE_OBJC_ARC = YES;
				CLANG_ENABLE_OBJC_WEAK = YES;
				CLANG_WARN_BLOCK_CAPTURE_AUTORELEASING = YES;
				CLANG_WARN_BOOL_CONVERSION = YES;
				CLANG_WARN_COMMA = YES;
				CLANG_WARN_CONSTANT_CONVERSION = YES;
				CLANG_WARN_DEPRECATED_OBJC_IMPLEMENTATIONS = YES;
				CLANG_WARN_DIRECT_OBJC_ISA_USAGE = YES_ERROR;
				CLANG_WARN_DOCUMENTATION_COMMENTS = YES;
				CLANG_WARN_EMPTY_BODY = YES;
				CLANG_WARN_ENUM_CONVERSION = YES;
				CLANG_WARN_INFINITE_RECURSION = YES;
				CLANG_WARN_INT_CONVERSION = YES;
				CLANG_WARN_NON_LITERAL_NULL_CONVERSION = YES;
				CLANG_WARN_OBJC_IMPLICIT_RETAIN_SELF = YES;
				CLANG_WARN_OBJC_LITERAL_CONVERSION = YES;
				CLANG_WARN_OBJC_ROOT_CLASS = YES_ERROR;
				CLANG_WARN_RANGE_LOOP_ANALYSIS = YES;
				CLANG_WARN_STRICT_PROTOTYPES = YES;
				CLANG_WARN_SUSPICIOUS_MOVE = YES;
				CLANG_WARN_UNGUARDED_AVAILABILITY = YES_AGGRESSIVE;
				CLANG_WARN_UNREACHABLE_CODE = YES;
				CLANG_WARN__DUPLICATE_METHOD_MATCH = YES;
				CODE_SIGN_IDENTITY = "iPhone Developer";
				COPY_PHASE_STRIP = NO;
				DEBUG_INFORMATION_FORMAT = dwarf;
				ENABLE_STRICT_OBJC_MSGSEND = YES;
				ENABLE_TESTABILITY = YES;
				GCC_C_LANGUAGE_STANDARD = gnu11;
				GCC_DYNAMIC_NO_PIC = NO;
				GCC_NO_COMMON_BLOCKS = YES;
				GCC_OPTIMIZATION_LEVEL = 0;
				GCC_PREPROCESSOR_DEFINITIONS = (
					"DEBUG=1",
					"$(inherited)",
				);
				GCC_WARN_64_TO_32_BIT_CONVERSION = YES;
				GCC_WARN_ABOUT_RETURN_TYPE = YES_ERROR;
				GCC_WARN_UNDECLARED_SELECTOR = YES;
				GCC_WARN_UNINITIALIZED_AUTOS = YES_AGGRESSIVE;
				GCC_WARN_UNUSED_FUNCTION = YES;
				GCC_WARN_UNUSED_VARIABLE = YES;
				IPHONEOS_DEPLOYMENT_TARGET = 11.4;
				MTL_ENABLE_DEBUG_INFO = YES;
				ONLY_ACTIVE_ARCH = YES;
				SDKROOT = iphoneos;
				SWIFT_ACTIVE_COMPILATION_CONDITIONS = DEBUG;
				SWIFT_OPTIMIZATION_LEVEL = "-Onone";
			};
			name = Debug;
		};
		F1F5023B2144795A00F3CE3C /* Release */ = {
			isa = XCBuildConfiguration;
			buildSettings = {
				ALWAYS_SEARCH_USER_PATHS = NO;
				CLANG_ANALYZER_NONNULL = YES;
				CLANG_ANALYZER_NUMBER_OBJECT_CONVERSION = YES_AGGRESSIVE;
				CLANG_CXX_LANGUAGE_STANDARD = "gnu++14";
				CLANG_CXX_LIBRARY = "libc++";
				CLANG_ENABLE_MODULES = YES;
				CLANG_ENABLE_OBJC_ARC = YES;
				CLANG_ENABLE_OBJC_WEAK = YES;
				CLANG_WARN_BLOCK_CAPTURE_AUTORELEASING = YES;
				CLANG_WARN_BOOL_CONVERSION = YES;
				CLANG_WARN_COMMA = YES;
				CLANG_WARN_CONSTANT_CONVERSION = YES;
				CLANG_WARN_DEPRECATED_OBJC_IMPLEMENTATIONS = YES;
				CLANG_WARN_DIRECT_OBJC_ISA_USAGE = YES_ERROR;
				CLANG_WARN_DOCUMENTATION_COMMENTS = YES;
				CLANG_WARN_EMPTY_BODY = YES;
				CLANG_WARN_ENUM_CONVERSION = YES;
				CLANG_WARN_INFINITE_RECURSION = YES;
				CLANG_WARN_INT_CONVERSION = YES;
				CLANG_WARN_NON_LITERAL_NULL_CONVERSION = YES;
				CLANG_WARN_OBJC_IMPLICIT_RETAIN_SELF = YES;
				CLANG_WARN_OBJC_LITERAL_CONVERSION = YES;
				CLANG_WARN_OBJC_ROOT_CLASS = YES_ERROR;
				CLANG_WARN_RANGE_LOOP_ANALYSIS = YES;
				CLANG_WARN_STRICT_PROTOTYPES = YES;
				CLANG_WARN_SUSPICIOUS_MOVE = YES;
				CLANG_WARN_UNGUARDED_AVAILABILITY = YES_AGGRESSIVE;
				CLANG_WARN_UNREACHABLE_CODE = YES;
				CLANG_WARN__DUPLICATE_METHOD_MATCH = YES;
				CODE_SIGN_IDENTITY = "iPhone Developer";
				COPY_PHASE_STRIP = NO;
				DEBUG_INFORMATION_FORMAT = "dwarf-with-dsym";
				ENABLE_NS_ASSERTIONS = NO;
				ENABLE_STRICT_OBJC_MSGSEND = YES;
				GCC_C_LANGUAGE_STANDARD = gnu11;
				GCC_NO_COMMON_BLOCKS = YES;
				GCC_WARN_64_TO_32_BIT_CONVERSION = YES;
				GCC_WARN_ABOUT_RETURN_TYPE = YES_ERROR;
				GCC_WARN_UNDECLARED_SELECTOR = YES;
				GCC_WARN_UNINITIALIZED_AUTOS = YES_AGGRESSIVE;
				GCC_WARN_UNUSED_FUNCTION = YES;
				GCC_WARN_UNUSED_VARIABLE = YES;
				IPHONEOS_DEPLOYMENT_TARGET = 11.4;
				MTL_ENABLE_DEBUG_INFO = NO;
				SDKROOT = iphoneos;
				SWIFT_COMPILATION_MODE = wholemodule;
				SWIFT_OPTIMIZATION_LEVEL = "-O";
				VALIDATE_PRODUCT = YES;
			};
			name = Release;
		};
		F1F5023D2144795A00F3CE3C /* Debug */ = {
			isa = XCBuildConfiguration;
			buildSettings = {
				ASSETCATALOG_COMPILER_APPICON_NAME = AppIcon;
				CODE_SIGN_IDENTITY = "iPhone Developer";
				CODE_SIGN_STYLE = Automatic;
				DEVELOPMENT_TEAM = "";
				INFOPLIST_FILE = FoodTracker/Info.plist;
				IPHONEOS_DEPLOYMENT_TARGET = 11.0;
				LD_RUNPATH_SEARCH_PATHS = (
					"$(inherited)",
					"@executable_path/Frameworks",
				);
				PRODUCT_BUNDLE_IDENTIFIER = ca.nathanwainwright.FoodTracker;
				PRODUCT_NAME = "$(TARGET_NAME)";
				PROVISIONING_PROFILE_SPECIFIER = "";
				SWIFT_VERSION = 4.0;
				TARGETED_DEVICE_FAMILY = "1,2";
			};
			name = Debug;
		};
		F1F5023E2144795A00F3CE3C /* Release */ = {
			isa = XCBuildConfiguration;
			buildSettings = {
				ASSETCATALOG_COMPILER_APPICON_NAME = AppIcon;
				CODE_SIGN_IDENTITY = "iPhone Developer";
				CODE_SIGN_STYLE = Automatic;
				DEVELOPMENT_TEAM = "";
				INFOPLIST_FILE = FoodTracker/Info.plist;
				IPHONEOS_DEPLOYMENT_TARGET = 11.0;
				LD_RUNPATH_SEARCH_PATHS = (
					"$(inherited)",
					"@executable_path/Frameworks",
				);
				PRODUCT_BUNDLE_IDENTIFIER = ca.nathanwainwright.FoodTracker;
				PRODUCT_NAME = "$(TARGET_NAME)";
				PROVISIONING_PROFILE_SPECIFIER = "";
				SWIFT_VERSION = 4.0;
				TARGETED_DEVICE_FAMILY = "1,2";
			};
			name = Release;
		};
		F1F502402144795A00F3CE3C /* Debug */ = {
			isa = XCBuildConfiguration;
			buildSettings = {
				ALWAYS_EMBED_SWIFT_STANDARD_LIBRARIES = YES;
				BUNDLE_LOADER = "$(TEST_HOST)";
				CODE_SIGN_STYLE = Automatic;
				DEVELOPMENT_TEAM = 2NZS2JX86Q;
				INFOPLIST_FILE = FoodTrackerTests/Info.plist;
				LD_RUNPATH_SEARCH_PATHS = (
					"$(inherited)",
					"@executable_path/Frameworks",
					"@loader_path/Frameworks",
				);
				PRODUCT_BUNDLE_IDENTIFIER = ca.nathanwainwright.FoodTrackerTests;
				PRODUCT_NAME = "$(TARGET_NAME)";
				SWIFT_VERSION = 4.0;
				TARGETED_DEVICE_FAMILY = "1,2";
				TEST_HOST = "$(BUILT_PRODUCTS_DIR)/FoodTracker.app/FoodTracker";
			};
			name = Debug;
		};
		F1F502412144795A00F3CE3C /* Release */ = {
			isa = XCBuildConfiguration;
			buildSettings = {
				ALWAYS_EMBED_SWIFT_STANDARD_LIBRARIES = YES;
				BUNDLE_LOADER = "$(TEST_HOST)";
				CODE_SIGN_STYLE = Automatic;
				DEVELOPMENT_TEAM = 2NZS2JX86Q;
				INFOPLIST_FILE = FoodTrackerTests/Info.plist;
				LD_RUNPATH_SEARCH_PATHS = (
					"$(inherited)",
					"@executable_path/Frameworks",
					"@loader_path/Frameworks",
				);
				PRODUCT_BUNDLE_IDENTIFIER = ca.nathanwainwright.FoodTrackerTests;
				PRODUCT_NAME = "$(TARGET_NAME)";
				SWIFT_VERSION = 4.0;
				TARGETED_DEVICE_FAMILY = "1,2";
				TEST_HOST = "$(BUILT_PRODUCTS_DIR)/FoodTracker.app/FoodTracker";
			};
			name = Release;
		};
/* End XCBuildConfiguration section */

/* Begin XCConfigurationList section */
		F1F5021A2144795800F3CE3C /* Build configuration list for PBXProject "FoodTracker" */ = {
			isa = XCConfigurationList;
			buildConfigurations = (
				F1F5023A2144795A00F3CE3C /* Debug */,
				F1F5023B2144795A00F3CE3C /* Release */,
			);
			defaultConfigurationIsVisible = 0;
			defaultConfigurationName = Release;
		};
		F1F5023C2144795A00F3CE3C /* Build configuration list for PBXNativeTarget "FoodTracker" */ = {
			isa = XCConfigurationList;
			buildConfigurations = (
				F1F5023D2144795A00F3CE3C /* Debug */,
				F1F5023E2144795A00F3CE3C /* Release */,
			);
			defaultConfigurationIsVisible = 0;
			defaultConfigurationName = Release;
		};
		F1F5023F2144795A00F3CE3C /* Build configuration list for PBXNativeTarget "FoodTrackerTests" */ = {
			isa = XCConfigurationList;
			buildConfigurations = (
				F1F502402144795A00F3CE3C /* Debug */,
				F1F502412144795A00F3CE3C /* Release */,
			);
			defaultConfigurationIsVisible = 0;
			defaultConfigurationName = Release;
		};
/* End XCConfigurationList section */
	};
	rootObject = F1F502172144795800F3CE3C /* Project object */;
}
